// !$*UTF8*$!
{
	archiveVersion = 1;
	classes = {
	};
	objectVersion = 50;
	objects = {

/* Begin PBXBuildFile section */
		9ED6B42225A2330500A9BFD1 /* CoreLocationSearchBarApp.swift in Sources */ = {isa = PBXBuildFile; fileRef = 9ED6B42125A2330500A9BFD1 /* CoreLocationSearchBarApp.swift */; };
		9ED6B42425A2330500A9BFD1 /* ContentView.swift in Sources */ = {isa = PBXBuildFile; fileRef = 9ED6B42325A2330500A9BFD1 /* ContentView.swift */; };
		9ED6B42625A2330700A9BFD1 /* Assets.xcassets in Resources */ = {isa = PBXBuildFile; fileRef = 9ED6B42525A2330700A9BFD1 /* Assets.xcassets */; };
		9ED6B42925A2330700A9BFD1 /* Preview Assets.xcassets in Resources */ = {isa = PBXBuildFile; fileRef = 9ED6B42825A2330700A9BFD1 /* Preview Assets.xcassets */; };
		9ED6B43325A2332300A9BFD1 /* Home.swift in Sources */ = {isa = PBXBuildFile; fileRef = 9ED6B43225A2332300A9BFD1 /* Home.swift */; };
		9ED6B43825A233C700A9BFD1 /* MapView.swift in Sources */ = {isa = PBXBuildFile; fileRef = 9ED6B43725A233C700A9BFD1 /* MapView.swift */; };
		9ED6B43D25A2344B00A9BFD1 /* MapViewModel.swift in Sources */ = {isa = PBXBuildFile; fileRef = 9ED6B43C25A2344B00A9BFD1 /* MapViewModel.swift */; };
		9ED6B44125A23DE500A9BFD1 /* Place.swift in Sources */ = {isa = PBXBuildFile; fileRef = 9ED6B44025A23DE500A9BFD1 /* Place.swift */; };
/* End PBXBuildFile section */

/* Begin PBXFileReference section */
		9ED6B41E25A2330500A9BFD1 /* CoreLocationSearchBar.app */ = {isa = PBXFileReference; explicitFileType = wrapper.application; includeInIndex = 0; path = CoreLocationSearchBar.app; sourceTree = BUILT_PRODUCTS_DIR; };
		9ED6B42125A2330500A9BFD1 /* CoreLocationSearchBarApp.swift */ = {isa = PBXFileReference; lastKnownFileType = sourcecode.swift; path = CoreLocationSearchBarApp.swift; sourceTree = "<group>"; };
		9ED6B42325A2330500A9BFD1 /* ContentView.swift */ = {isa = PBXFileReference; lastKnownFileType = sourcecode.swift; path = ContentView.swift; sourceTree = "<group>"; };
		9ED6B42525A2330700A9BFD1 /* Assets.xcassets */ = {isa = PBXFileReference; lastKnownFileType = folder.assetcatalog; path = Assets.xcassets; sourceTree = "<group>"; };
		9ED6B42825A2330700A9BFD1 /* Preview Assets.xcassets */ = {isa = PBXFileReference; lastKnownFileType = folder.assetcatalog; path = "Preview Assets.xcassets"; sourceTree = "<group>"; };
		9ED6B42A25A2330700A9BFD1 /* Info.plist */ = {isa = PBXFileReference; lastKnownFileType = text.plist.xml; path = Info.plist; sourceTree = "<group>"; };
		9ED6B43225A2332300A9BFD1 /* Home.swift */ = {isa = PBXFileReference; lastKnownFileType = sourcecode.swift; path = Home.swift; sourceTree = "<group>"; };
		9ED6B43725A233C700A9BFD1 /* MapView.swift */ = {isa = PBXFileReference; lastKnownFileType = sourcecode.swift; path = MapView.swift; sourceTree = "<group>"; };
		9ED6B43C25A2344B00A9BFD1 /* MapViewModel.swift */ = {isa = PBXFileReference; lastKnownFileType = sourcecode.swift; path = MapViewModel.swift; sourceTree = "<group>"; };
		9ED6B44025A23DE500A9BFD1 /* Place.swift */ = {isa = PBXFileReference; lastKnownFileType = sourcecode.swift; path = Place.swift; sourceTree = "<group>"; };
/* End PBXFileReference section */

/* Begin PBXFrameworksBuildPhase section */
		9ED6B41B25A2330500A9BFD1 /* Frameworks */ = {
			isa = PBXFrameworksBuildPhase;
			buildActionMask = 2147483647;
			files = (
			);
			runOnlyForDeploymentPostprocessing = 0;
		};
/* End PBXFrameworksBuildPhase section */

/* Begin PBXGroup section */
		9ED6B41525A2330500A9BFD1 = {
			isa = PBXGroup;
			children = (
				9ED6B42025A2330500A9BFD1 /* CoreLocationSearchBar */,
				9ED6B41F25A2330500A9BFD1 /* Products */,
			);
			sourceTree = "<group>";
		};
		9ED6B41F25A2330500A9BFD1 /* Products */ = {
			isa = PBXGroup;
			children = (
				9ED6B41E25A2330500A9BFD1 /* CoreLocationSearchBar.app */,
			);
			name = Products;
			sourceTree = "<group>";
		};
		9ED6B42025A2330500A9BFD1 /* CoreLocationSearchBar */ = {
			isa = PBXGroup;
			children = (
				9ED6B43F25A23DDB00A9BFD1 /* Model */,
				9ED6B43625A2339D00A9BFD1 /* ViewModel */,
				9ED6B43125A2331600A9BFD1 /* View */,
				9ED6B42125A2330500A9BFD1 /* CoreLocationSearchBarApp.swift */,
				9ED6B42325A2330500A9BFD1 /* ContentView.swift */,
				9ED6B42525A2330700A9BFD1 /* Assets.xcassets */,
				9ED6B42A25A2330700A9BFD1 /* Info.plist */,
				9ED6B42725A2330700A9BFD1 /* Preview Content */,
			);
			path = CoreLocationSearchBar;
			sourceTree = "<group>";
		};
		9ED6B42725A2330700A9BFD1 /* Preview Content */ = {
			isa = PBXGroup;
			children = (
				9ED6B42825A2330700A9BFD1 /* Preview Assets.xcassets */,
			);
			path = "Preview Content";
			sourceTree = "<group>";
		};
		9ED6B43125A2331600A9BFD1 /* View */ = {
			isa = PBXGroup;
			children = (
				9ED6B43225A2332300A9BFD1 /* Home.swift */,
				9ED6B43725A233C700A9BFD1 /* MapView.swift */,
			);
			path = View;
			sourceTree = "<group>";
		};
		9ED6B43625A2339D00A9BFD1 /* ViewModel */ = {
			isa = PBXGroup;
			children = (
				9ED6B43C25A2344B00A9BFD1 /* MapViewModel.swift */,
			);
			path = ViewModel;
			sourceTree = "<group>";
		};
		9ED6B43F25A23DDB00A9BFD1 /* Model */ = {
			isa = PBXGroup;
			children = (
				9ED6B44025A23DE500A9BFD1 /* Place.swift */,
			);
			path = Model;
			sourceTree = "<group>";
		};
/* End PBXGroup section */

/* Begin PBXNativeTarget section */
		9ED6B41D25A2330500A9BFD1 /* CoreLocationSearchBar */ = {
			isa = PBXNativeTarget;
			buildConfigurationList = 9ED6B42D25A2330700A9BFD1 /* Build configuration list for PBXNativeTarget "CoreLocationSearchBar" */;
			buildPhases = (
				9ED6B41A25A2330500A9BFD1 /* Sources */,
				9ED6B41B25A2330500A9BFD1 /* Frameworks */,
				9ED6B41C25A2330500A9BFD1 /* Resources */,
			);
			buildRules = (
			);
			dependencies = (
			);
			name = CoreLocationSearchBar;
			productName = CoreLocationSearchBar;
			productReference = 9ED6B41E25A2330500A9BFD1 /* CoreLocationSearchBar.app */;
			productType = "com.apple.product-type.application";
		};
/* End PBXNativeTarget section */

/* Begin PBXProject section */
		9ED6B41625A2330500A9BFD1 /* Project object */ = {
			isa = PBXProject;
			attributes = {
				LastSwiftUpdateCheck = 1230;
				LastUpgradeCheck = 1230;
				TargetAttributes = {
					9ED6B41D25A2330500A9BFD1 = {
						CreatedOnToolsVersion = 12.3;
					};
				};
			};
			buildConfigurationList = 9ED6B41925A2330500A9BFD1 /* Build configuration list for PBXProject "CoreLocationSearchBar" */;
			compatibilityVersion = "Xcode 9.3";
			developmentRegion = en;
			hasScannedForEncodings = 0;
			knownRegions = (
				en,
				Base,
			);
			mainGroup = 9ED6B41525A2330500A9BFD1;
			productRefGroup = 9ED6B41F25A2330500A9BFD1 /* Products */;
			projectDirPath = "";
			projectRoot = "";
			targets = (
				9ED6B41D25A2330500A9BFD1 /* CoreLocationSearchBar */,
			);
		};
/* End PBXProject section */

/* Begin PBXResourcesBuildPhase section */
		9ED6B41C25A2330500A9BFD1 /* Resources */ = {
			isa = PBXResourcesBuildPhase;
			buildActionMask = 2147483647;
			files = (
				9ED6B42925A2330700A9BFD1 /* Preview Assets.xcassets in Resources */,
				9ED6B42625A2330700A9BFD1 /* Assets.xcassets in Resources */,
			);
			runOnlyForDeploymentPostprocessing = 0;
		};
/* End PBXResourcesBuildPhase section */

/* Begin PBXSourcesBuildPhase section */
		9ED6B41A25A2330500A9BFD1 /* Sources */ = {
			isa = PBXSourcesBuildPhase;
			buildActionMask = 2147483647;
			files = (
				9ED6B42425A2330500A9BFD1 /* ContentView.swift in Sources */,
				9ED6B43D25A2344B00A9BFD1 /* MapViewModel.swift in Sources */,
				9ED6B43325A2332300A9BFD1 /* Home.swift in Sources */,
				9ED6B44125A23DE500A9BFD1 /* Place.swift in Sources */,
				9ED6B42225A2330500A9BFD1 /* CoreLocationSearchBarApp.swift in Sources */,
				9ED6B43825A233C700A9BFD1 /* MapView.swift in Sources */,
			);
			runOnlyForDeploymentPostprocessing = 0;
		};
/* End PBXSourcesBuildPhase section */

/* Begin XCBuildConfiguration section */
		9ED6B42B25A2330700A9BFD1 /* Debug */ = {
			isa = XCBuildConfiguration;
			buildSettings = {
				ALWAYS_SEARCH_USER_PATHS = NO;
				CLANG_ANALYZER_NONNULL = YES;
				CLANG_ANALYZER_NUMBER_OBJECT_CONVERSION = YES_AGGRESSIVE;
				CLANG_CXX_LANGUAGE_STANDARD = "gnu++14";
				CLANG_CXX_LIBRARY = "libc++";
				CLANG_ENABLE_MODULES = YES;
				CLANG_ENABLE_OBJC_ARC = YES;
				CLANG_ENABLE_OBJC_WEAK = YES;
				CLANG_WARN_BLOCK_CAPTURE_AUTORELEASING = YES;
				CLANG_WARN_BOOL_CONVERSION = YES;
				CLANG_WARN_COMMA = YES;
				CLANG_WARN_CONSTANT_CONVERSION = YES;
				CLANG_WARN_DEPRECATED_OBJC_IMPLEMENTATIONS = YES;
				CLANG_WARN_DIRECT_OBJC_ISA_USAGE = YES_ERROR;
				CLANG_WARN_DOCUMENTATION_COMMENTS = YES;
				CLANG_WARN_EMPTY_BODY = YES;
				CLANG_WARN_ENUM_CONVERSION = YES;
				CLANG_WARN_INFINITE_RECURSION = YES;
				CLANG_WARN_INT_CONVERSION = YES;
				CLANG_WARN_NON_LITERAL_NULL_CONVERSION = YES;
				CLANG_WARN_OBJC_IMPLICIT_RETAIN_SELF = YES;
				CLANG_WARN_OBJC_LITERAL_CONVERSION = YES;
				CLANG_WARN_OBJC_ROOT_CLASS = YES_ERROR;
				CLANG_WARN_QUOTED_INCLUDE_IN_FRAMEWORK_HEADER = YES;
				CLANG_WARN_RANGE_LOOP_ANALYSIS = YES;
				CLANG_WARN_STRICT_PROTOTYPES = YES;
				CLANG_WARN_SUSPICIOUS_MOVE = YES;
				CLANG_WARN_UNGUARDED_AVAILABILITY = YES_AGGRESSIVE;
				CLANG_WARN_UNREACHABLE_CODE = YES;
				CLANG_WARN__DUPLICATE_METHOD_MATCH = YES;
				COPY_PHASE_STRIP = NO;
				DEBUG_INFORMATION_FORMAT = dwarf;
				ENABLE_STRICT_OBJC_MSGSEND = YES;
				ENABLE_TESTABILITY = YES;
				GCC_C_LANGUAGE_STANDARD = gnu11;
				GCC_DYNAMIC_NO_PIC = NO;
				GCC_NO_COMMON_BLOCKS = YES;
				GCC_OPTIMIZATION_LEVEL = 0;
				GCC_PREPROCESSOR_DEFINITIONS = (
					"DEBUG=1",
					"$(inherited)",
				);
				GCC_WARN_64_TO_32_BIT_CONVERSION = YES;
				GCC_WARN_ABOUT_RETURN_TYPE = YES_ERROR;
				GCC_WARN_UNDECLARED_SELECTOR = YES;
				GCC_WARN_UNINITIALIZED_AUTOS = YES_AGGRESSIVE;
				GCC_WARN_UNUSED_FUNCTION = YES;
				GCC_WARN_UNUSED_VARIABLE = YES;
				IPHONEOS_DEPLOYMENT_TARGET = 14.3;
				MTL_ENABLE_DEBUG_INFO = INCLUDE_SOURCE;
				MTL_FAST_MATH = YES;
				ONLY_ACTIVE_ARCH = YES;
				SDKROOT = iphoneos;
				SWIFT_ACTIVE_COMPILATION_CONDITIONS = DEBUG;
				SWIFT_OPTIMIZATION_LEVEL = "-Onone";
			};
			name = Debug;
		};
		9ED6B42C25A2330700A9BFD1 /* Release */ = {
			isa = XCBuildConfiguration;
			buildSettings = {
				ALWAYS_SEARCH_USER_PATHS = NO;
				CLANG_ANALYZER_NONNULL = YES;
				CLANG_ANALYZER_NUMBER_OBJECT_CONVERSION = YES_AGGRESSIVE;
				CLANG_CXX_LANGUAGE_STANDARD = "gnu++14";
				CLANG_CXX_LIBRARY = "libc++";
				CLANG_ENABLE_MODULES = YES;
				CLANG_ENABLE_OBJC_ARC = YES;
				CLANG_ENABLE_OBJC_WEAK = YES;
				CLANG_WARN_BLOCK_CAPTURE_AUTORELEASING = YES;
				CLANG_WARN_BOOL_CONVERSION = YES;
				CLANG_WARN_COMMA = YES;
				CLANG_WARN_CONSTANT_CONVERSION = YES;
				CLANG_WARN_DEPRECATED_OBJC_IMPLEMENTATIONS = YES;
				CLANG_WARN_DIRECT_OBJC_ISA_USAGE = YES_ERROR;
				CLANG_WARN_DOCUMENTATION_COMMENTS = YES;
				CLANG_WARN_EMPTY_BODY = YES;
				CLANG_WARN_ENUM_CONVERSION = YES;
				CLANG_WARN_INFINITE_RECURSION = YES;
				CLANG_WARN_INT_CONVERSION = YES;
				CLANG_WARN_NON_LITERAL_NULL_CONVERSION = YES;
				CLANG_WARN_OBJC_IMPLICIT_RETAIN_SELF = YES;
				CLANG_WARN_OBJC_LITERAL_CONVERSION = YES;
				CLANG_WARN_OBJC_ROOT_CLASS = YES_ERROR;
				CLANG_WARN_QUOTED_INCLUDE_IN_FRAMEWORK_HEADER = YES;
				CLANG_WARN_RANGE_LOOP_ANALYSIS = YES;
				CLANG_WARN_STRICT_PROTOTYPES = YES;
				CLANG_WARN_SUSPICIOUS_MOVE = YES;
				CLANG_WARN_UNGUARDED_AVAILABILITY = YES_AGGRESSIVE;
				CLANG_WARN_UNREACHABLE_CODE = YES;
				CLANG_WARN__DUPLICATE_METHOD_MATCH = YES;
				COPY_PHASE_STRIP = NO;
				DEBUG_INFORMATION_FORMAT = "dwarf-with-dsym";
				ENABLE_NS_ASSERTIONS = NO;
				ENABLE_STRICT_OBJC_MSGSEND = YES;
				GCC_C_LANGUAGE_STANDARD = gnu11;
				GCC_NO_COMMON_BLOCKS = YES;
				GCC_WARN_64_TO_32_BIT_CONVERSION = YES;
				GCC_WARN_ABOUT_RETURN_TYPE = YES_ERROR;
				GCC_WARN_UNDECLARED_SELECTOR = YES;
				GCC_WARN_UNINITIALIZED_AUTOS = YES_AGGRESSIVE;
				GCC_WARN_UNUSED_FUNCTION = YES;
				GCC_WARN_UNUSED_VARIABLE = YES;
				IPHONEOS_DEPLOYMENT_TARGET = 14.3;
				MTL_ENABLE_DEBUG_INFO = NO;
				MTL_FAST_MATH = YES;
				SDKROOT = iphoneos;
				SWIFT_COMPILATION_MODE = wholemodule;
				SWIFT_OPTIMIZATION_LEVEL = "-O";
				VALIDATE_PRODUCT = YES;
			};
			name = Release;
		};
		9ED6B42E25A2330700A9BFD1 /* Debug */ = {
			isa = XCBuildConfiguration;
			buildSettings = {
				ASSETCATALOG_COMPILER_APPICON_NAME = AppIcon;
				ASSETCATALOG_COMPILER_GLOBAL_ACCENT_COLOR_NAME = AccentColor;
				CODE_SIGN_STYLE = Automatic;
				DEVELOPMENT_ASSET_PATHS = "\"CoreLocationSearchBar/Preview Content\"";
				ENABLE_PREVIEWS = YES;
				INFOPLIST_FILE = CoreLocationSearchBar/Info.plist;
				IPHONEOS_DEPLOYMENT_TARGET = 14.0;
				LD_RUNPATH_SEARCH_PATHS = (
					"$(inherited)",
					"@executable_path/Frameworks",
				);
				PRODUCT_BUNDLE_IDENTIFIER = MaximMacari.CoreLocationSearchBar;
				PRODUCT_NAME = "$(TARGET_NAME)";
				SWIFT_VERSION = 5.0;
				TARGETED_DEVICE_FAMILY = "1,2";
			};
			name = Debug;
		};
		9ED6B42F25A2330700A9BFD1 /* Release */ = {
			isa = XCBuildConfiguration;
			buildSettings = {
				ASSETCATALOG_COMPILER_APPICON_NAME = AppIcon;
				ASSETCATALOG_COMPILER_GLOBAL_ACCENT_COLOR_NAME = AccentColor;
				CODE_SIGN_STYLE = Automatic;
				DEVELOPMENT_ASSET_PATHS = "\"CoreLocationSearchBar/Preview Content\"";
				ENABLE_PREVIEWS = YES;
				INFOPLIST_FILE = CoreLocationSearchBar/Info.plist;
				IPHONEOS_DEPLOYMENT_TARGET = 14.0;
				LD_RUNPATH_SEARCH_PATHS = (
					"$(inherited)",
					"@executable_path/Frameworks",
				);
				PRODUCT_BUNDLE_IDENTIFIER = MaximMacari.CoreLocationSearchBar;
				PRODUCT_NAME = "$(TARGET_NAME)";
				SWIFT_VERSION = 5.0;
				TARGETED_DEVICE_FAMILY = "1,2";
			};
			name = Release;
		};
/* End XCBuildConfiguration section */

/* Begin XCConfigurationList section */
		9ED6B41925A2330500A9BFD1 /* Build configuration list for PBXProject "CoreLocationSearchBar" */ = {
			isa = XCConfigurationList;
			buildConfigurations = (
				9ED6B42B25A2330700A9BFD1 /* Debug */,
				9ED6B42C25A2330700A9BFD1 /* Release */,
			);
			defaultConfigurationIsVisible = 0;
			defaultConfigurationName = Release;
		};
		9ED6B42D25A2330700A9BFD1 /* Build configuration list for PBXNativeTarget "CoreLocationSearchBar" */ = {
			isa = XCConfigurationList;
			buildConfigurations = (
				9ED6B42E25A2330700A9BFD1 /* Debug */,
				9ED6B42F25A2330700A9BFD1 /* Release */,
			);
			defaultConfigurationIsVisible = 0;
			defaultConfigurationName = Release;
		};
/* End XCConfigurationList section */
	};
	rootObject = 9ED6B41625A2330500A9BFD1 /* Project object */;
}
